
Microsoft Visual Studio Solution File, Format Version 12.00
# Visual Studio Version 16
VisualStudioVersion = 16.0.34729.46
MinimumVisualStudioVersion = 10.0.40219.1
Project("{8BC9CEB8-8B4A-11D0-8D11-00A0C91BC942}") = "APL-SN", "APL-SN\APL-SN.vcxproj", "{96777720-3F83-4481-B066-FEA848FF2AB0}"
EndProject
Global
	GlobalSection(SolutionConfigurationPlatforms) = preSolution
		Debug|x64 = Debug|x64
		Debug|x86 = Debug|x86
		Release|x64 = Release|x64
		Release|x86 = Release|x86
	EndGlobalSection
	GlobalSection(ProjectConfigurationPlatforms) = postSolution
		{96777720-3F83-4481-B066-FEA848FF2AB0}.Debug|x64.ActiveCfg = Debug|x64
		{96777720-3F83-4481-B066-FEA848FF2AB0}.Debug|x64.Build.0 = Debug|x64
		{96777720-3F83-4481-B066-FEA848FF2AB0}.Debug|x86.ActiveCfg = Debug|Win32
		{96777720-3F83-4481-B066-FEA848FF2AB0}.Debug|x86.Build.0 = Debug|Win32
		{96777720-3F83-4481-B066-FEA848FF2AB0}.Release|x64.ActiveCfg = Release|x64
		{96777720-3F83-4481-B066-FEA848FF2AB0}.Release|x64.Build.0 = Release|x64
		{96777720-3F83-4481-B066-FEA848FF2AB0}.Release|x86.ActiveCfg = Release|Win32
		{96777720-3F83-4481-B066-FEA848FF2AB0}.Release|x86.Build.0 = Release|Win32
	EndGlobalSection
	GlobalSection(SolutionProperties) = preSolution
		HideSolutionNode = FALSE
	EndGlobalSection
	GlobalSection(ExtensibilityGlobals) = postSolution
		SolutionGuid = {2BC45D19-5A4C-42D2-85A6-5DB318AA2DED}
	EndGlobalSection
EndGlobal
