<?xml version="1.0" encoding="utf-8"?>
<Project ToolsVersion="4.0" xmlns="http://schemas.microsoft.com/developer/msbuild/2003">
  <ItemGroup>
    <Filter Include="Pliki źródłowe">
      <UniqueIdentifier>{4FC737F1-C7A5-4376-A066-2A32D752A2FF}</UniqueIdentifier>
      <Extensions>cpp;c;cc;cxx;c++;cppm;ixx;def;odl;idl;hpj;bat;asm;asmx</Extensions>
    </Filter>
    <Filter Include="Pliki nagłówkowe">
      <UniqueIdentifier>{93995380-89BD-4b04-88EB-625FBE52EBFB}</UniqueIdentifier>
      <Extensions>h;hh;hpp;hxx;h++;hm;inl;inc;ipp;xsd</Extensions>
    </Filter>
    <Filter Include="Pliki zasobów">
      <UniqueIdentifier>{67DA6AB6-F800-4c08-8B7A-83BB121AAD01}</UniqueIdentifier>
      <Extensions>rc;ico;cur;bmp;dlg;rc2;rct;bin;rgs;gif;jpg;jpeg;jpe;resx;tiff;tif;png;wav;mfcribbon-ms</Extensions>
    </Filter>
  </ItemGroup>
  <ItemGroup>
    <ClInclude Include="APL-SN.h">
      <Filter>Pliki nagłówkowe</Filter>
    </ClInclude>
    <ClInclude Include="framework.h">
      <Filter>Pliki nagłówkowe</Filter>
    </ClInclude>
    <ClInclude Include="targetver.h">
      <Filter>Pliki nagłówkowe</Filter>
    </ClInclude>
    <ClInclude Include="MainFrm.h">
      <Filter>Pliki nagłówkowe</Filter>
    </ClInclude>
    <ClInclude Include="ChildFrm.h">
      <Filter>Pliki nagłówkowe</Filter>
    </ClInclude>
    <ClInclude Include="APL-SNDoc.h">
      <Filter>Pliki nagłówkowe</Filter>
    </ClInclude>
    <ClInclude Include="APL-SNView.h">
      <Filter>Pliki nagłówkowe</Filter>
    </ClInclude>
    <ClInclude Include="Resource.h">
      <Filter>Pliki nagłówkowe</Filter>
    </ClInclude>
    <ClInclude Include="ClassView.h">
      <Filter>Pliki nagłówkowe</Filter>
    </ClInclude>
    <ClInclude Include="ViewTree.h">
      <Filter>Pliki nagłówkowe</Filter>
    </ClInclude>
    <ClInclude Include="OutputWnd.h">
      <Filter>Pliki nagłówkowe</Filter>
    </ClInclude>
    <ClInclude Include="PropertiesWnd.h">
      <Filter>Pliki nagłówkowe</Filter>
    </ClInclude>
    <ClInclude Include="pch.h">
      <Filter>Pliki nagłówkowe</Filter>
    </ClInclude>
    <ClInclude Include="GniazdoSieci.h">
      <Filter>Pliki nagłówkowe</Filter>
    </ClInclude>
    <ClInclude Include="Protokol.h">
      <Filter>Pliki nagłówkowe</Filter>
    </ClInclude>
    <ClInclude Include="PortSzeregowy.h">
      <Filter>Pliki nagłówkowe</Filter>
    </ClInclude>
    <ClInclude Include="Errors.h">
      <Filter>Pliki nagłówkowe</Filter>
    </ClInclude>
    <ClInclude Include="multithreading.h">
      <Filter>Pliki nagłówkowe</Filter>
    </ClInclude>
    <ClInclude Include="Komunikacja.h">
      <Filter>Pliki nagłówkowe</Filter>
    </ClInclude>
    <ClInclude Include="KonfigPolacz.h">
      <Filter>Pliki nagłówkowe</Filter>
    </ClInclude>
    <ClInclude Include="UstawieniaKameryDlg.h">
      <Filter>Pliki nagłówkowe</Filter>
    </ClInclude>
    <ClInclude Include="CRegistry.h">
      <Filter>Pliki nagłówkowe</Filter>
    </ClInclude>
    <ClInclude Include="CDaneFlash.h">
      <Filter>Pliki nagłówkowe</Filter>
    </ClInclude>
    <ClInclude Include="Rejestr.h">
      <Filter>Pliki nagłówkowe</Filter>
    </ClInclude>
    <ClInclude Include="CKonfigTelemetrii.h">
      <Filter>Pliki nagłówkowe</Filter>
    </ClInclude>
    <ClInclude Include="AnalizatorLogu.h">
      <Filter>Pliki nagłówkowe</Filter>
    </ClInclude>
    <ClInclude Include="polecenia_komunikacyjne.h">
      <Filter>Pliki nagłówkowe</Filter>
    </ClInclude>
    <ClInclude Include="Roj.h">
      <Filter>Pliki nagłówkowe</Filter>
    </ClInclude>
    <ClInclude Include="Wron.h">
      <Filter>Pliki nagłówkowe</Filter>
    </ClInclude>
    <ClInclude Include="KonfiguracjaWyresow.h">
      <Filter>Pliki nagłówkowe</Filter>
    </ClInclude>
    <ClInclude Include="DrzewoWykresow.h">
      <Filter>Pliki nagłówkowe</Filter>
    </ClInclude>
    <ClInclude Include="KonfigRejestratora.h">
      <Filter>Pliki nagłówkowe</Filter>
    </ClInclude>
    <ClInclude Include="KonfigPID.h">
      <Filter>Pliki nagłówkowe</Filter>
    </ClInclude>
    <ClInclude Include="PIDtabCtrl.h">
      <Filter>Pliki nagłówkowe</Filter>
    </ClInclude>
  </ItemGroup>
  <ItemGroup>
    <ClCompile Include="APL-SN.cpp">
      <Filter>Pliki źródłowe</Filter>
    </ClCompile>
    <ClCompile Include="MainFrm.cpp">
      <Filter>Pliki źródłowe</Filter>
    </ClCompile>
    <ClCompile Include="ChildFrm.cpp">
      <Filter>Pliki źródłowe</Filter>
    </ClCompile>
    <ClCompile Include="APL-SNDoc.cpp">
      <Filter>Pliki źródłowe</Filter>
    </ClCompile>
    <ClCompile Include="APL-SNView.cpp">
      <Filter>Pliki źródłowe</Filter>
    </ClCompile>
    <ClCompile Include="ClassView.cpp">
      <Filter>Pliki źródłowe</Filter>
    </ClCompile>
    <ClCompile Include="ViewTree.cpp">
      <Filter>Pliki źródłowe</Filter>
    </ClCompile>
    <ClCompile Include="OutputWnd.cpp">
      <Filter>Pliki źródłowe</Filter>
    </ClCompile>
    <ClCompile Include="PropertiesWnd.cpp">
      <Filter>Pliki źródłowe</Filter>
    </ClCompile>
    <ClCompile Include="pch.cpp">
      <Filter>Pliki źródłowe</Filter>
    </ClCompile>
    <ClCompile Include="GniazdoSieci.cpp">
      <Filter>Pliki źródłowe</Filter>
    </ClCompile>
    <ClCompile Include="Protokol.cpp">
      <Filter>Pliki źródłowe</Filter>
    </ClCompile>
    <ClCompile Include="PortSzeregowy.cpp">
      <Filter>Pliki źródłowe</Filter>
    </ClCompile>
    <ClCompile Include="Komunikacja.cpp">
      <Filter>Pliki źródłowe</Filter>
    </ClCompile>
    <ClCompile Include="KonfigPolacz.cpp">
      <Filter>Pliki źródłowe</Filter>
    </ClCompile>
    <ClCompile Include="UstawieniaKameryDlg.cpp">
      <Filter>Pliki źródłowe</Filter>
    </ClCompile>
    <ClCompile Include="CRegistry.cpp">
      <Filter>Pliki źródłowe</Filter>
    </ClCompile>
    <ClCompile Include="CDaneFlash.cpp">
      <Filter>Pliki źródłowe</Filter>
    </ClCompile>
    <ClCompile Include="Rejestr.cpp">
      <Filter>Pliki źródłowe</Filter>
    </ClCompile>
    <ClCompile Include="DekoderTelemetrii.cpp">
      <Filter>Pliki źródłowe</Filter>
    </ClCompile>
    <ClCompile Include="CKonfigTelemetrii.cpp">
      <Filter>Pliki źródłowe</Filter>
    </ClCompile>
    <ClCompile Include="AnalizatorLogu.cpp">
      <Filter>Pliki źródłowe</Filter>
    </ClCompile>
    <ClCompile Include="Roj.cpp">
      <Filter>Pliki źródłowe</Filter>
    </ClCompile>
    <ClCompile Include="Wron.cpp">
      <Filter>Pliki źródłowe</Filter>
    </ClCompile>
    <ClCompile Include="KonfiguracjaWyresow.cpp">
      <Filter>Pliki źródłowe</Filter>
    </ClCompile>
    <ClCompile Include="DrzewoWykresow.cpp">
      <Filter>Pliki źródłowe</Filter>
    </ClCompile>
    <ClCompile Include="KonfigRejestratora.cpp">
      <Filter>Pliki źródłowe</Filter>
    </ClCompile>
    <ClCompile Include="KonfigPID.cpp">
      <Filter>Pliki źródłowe</Filter>
    </ClCompile>
    <ClCompile Include="PIDtabCtrl.cpp">
      <Filter>Pliki źródłowe</Filter>
    </ClCompile>
  </ItemGroup>
  <ItemGroup>
    <None Include="APL-SN.reg" />
    <None Include="res\APLSN.rc2">
      <Filter>Pliki zasobów</Filter>
    </None>
  </ItemGroup>
  <ItemGroup>
    <ResourceCompile Include="APLSN.rc">
      <Filter>Pliki zasobów</Filter>
    </ResourceCompile>
  </ItemGroup>
  <ItemGroup>
    <Image Include="res\file_view.ico">
      <Filter>Pliki zasobów</Filter>
    </Image>
    <Image Include="res\file_view_hc.ico">
      <Filter>Pliki zasobów</Filter>
    </Image>
    <Image Include="res\class_view.ico">
      <Filter>Pliki zasobów</Filter>
    </Image>
    <Image Include="res\class_view_hc.ico">
      <Filter>Pliki zasobów</Filter>
    </Image>
    <Image Include="res\fileview.bmp">
      <Filter>Pliki zasobów</Filter>
    </Image>
    <Image Include="res\fileview_hc.bmp">
      <Filter>Pliki zasobów</Filter>
    </Image>
    <Image Include="res\classview.bmp">
      <Filter>Pliki zasobów</Filter>
    </Image>
    <Image Include="res\classview_hc.bmp">
      <Filter>Pliki zasobów</Filter>
    </Image>
    <Image Include="res\explorer.bmp">
      <Filter>Pliki zasobów</Filter>
    </Image>
    <Image Include="res\explorer_hc.bmp">
      <Filter>Pliki zasobów</Filter>
    </Image>
    <Image Include="res\sort.bmp">
      <Filter>Pliki zasobów</Filter>
    </Image>
    <Image Include="res\sort_hc.bmp">
      <Filter>Pliki zasobów</Filter>
    </Image>
    <Image Include="res\menuimages.bmp">
      <Filter>Pliki zasobów</Filter>
    </Image>
    <Image Include="res\menuimages_hc.bmp">
      <Filter>Pliki zasobów</Filter>
    </Image>
    <Image Include="res\output_wnd.ico">
      <Filter>Pliki zasobów</Filter>
    </Image>
    <Image Include="res\output_wnd_hc.ico">
      <Filter>Pliki zasobów</Filter>
    </Image>
    <Image Include="res\properties_wnd.ico">
      <Filter>Pliki zasobów</Filter>
    </Image>
    <Image Include="res\properties_wnd_hc.ico">
      <Filter>Pliki zasobów</Filter>
    </Image>
    <Image Include="res\properties.bmp">
      <Filter>Pliki zasobów</Filter>
    </Image>
    <Image Include="res\properties_hc.bmp">
      <Filter>Pliki zasobów</Filter>
    </Image>
    <Image Include="res\userimages.bmp">
      <Filter>Pliki zasobów</Filter>
    </Image>
    <Image Include="res\APL-SNDoc.ico">
      <Filter>Pliki zasobów</Filter>
    </Image>
    <Image Include="res\APL-SN.ico">
      <Filter>Pliki zasobów</Filter>
    </Image>
    <Image Include="res\Toolbar.bmp">
      <Filter>Pliki zasobów</Filter>
    </Image>
    <Image Include="res\Toolbar256.bmp">
      <Filter>Pliki zasobów</Filter>
    </Image>
    <Image Include="res\bitmap1.bmp">
      <Filter>Pliki zasobów</Filter>
    </Image>
    <Image Include="res\bitmap_PID_wzmacniacz.bmp">
      <Filter>Pliki zasobów</Filter>
    </Image>
    <Image Include="res\bitmap_PID_wezel.bmp">
      <Filter>Pliki zasobów</Filter>
    </Image>
  </ItemGroup>
</Project>